
Microsoft Visual Studio Solution File, Format Version 12.00
# Visual Studio 15
VisualStudioVersion = 15.0.27703.2035
MinimumVisualStudioVersion = 10.0.40219.1
Project("{FAE04EC0-301F-11D3-BF4B-00C04F79EFBC}") = "CicdLab.WebApp", "CicdLab.WebApp\CicdLab.WebApp.csproj", "{64C25405-A549-445A-88A1-5CFBA1DBBD9D}"
EndProject
Project("{E53339B2-1760-4266-BCC7-CA923CBCF16C}") = "docker-compose", "docker-compose.dcproj", "{957C5A37-81FD-4315-A233-74B36EEECDC8}"
EndProject
Global
	GlobalSection(SolutionConfigurationPlatforms) = preSolution
		Debug|Any CPU = Debug|Any CPU
		Release|Any CPU = Release|Any CPU
	EndGlobalSection
	GlobalSection(ProjectConfigurationPlatforms) = postSolution
		{64C25405-A549-445A-88A1-5CFBA1DBBD9D}.Debug|Any CPU.ActiveCfg = Debug|Any CPU
		{64C25405-A549-445A-88A1-5CFBA1DBBD9D}.Debug|Any CPU.Build.0 = Debug|Any CPU
		{64C25405-A549-445A-88A1-5CFBA1DBBD9D}.Release|Any CPU.ActiveCfg = Release|Any CPU
		{64C25405-A549-445A-88A1-5CFBA1DBBD9D}.Release|Any CPU.Build.0 = Release|Any CPU
		{957C5A37-81FD-4315-A233-74B36EEECDC8}.Debug|Any CPU.ActiveCfg = Debug|Any CPU
		{957C5A37-81FD-4315-A233-74B36EEECDC8}.Debug|Any CPU.Build.0 = Debug|Any CPU
		{957C5A37-81FD-4315-A233-74B36EEECDC8}.Release|Any CPU.ActiveCfg = Release|Any CPU
		{957C5A37-81FD-4315-A233-74B36EEECDC8}.Release|Any CPU.Build.0 = Release|Any CPU
	EndGlobalSection
	GlobalSection(SolutionProperties) = preSolution
		HideSolutionNode = FALSE
	EndGlobalSection
	GlobalSection(ExtensibilityGlobals) = postSolution
		SolutionGuid = {6FAC4305-2BAB-4CC9-8443-A5C3889F532F}
	EndGlobalSection
EndGlobal
